
Microsoft Visual Studio Solution File, Format Version 12.00
# Visual Studio 15
VisualStudioVersion = 15.0.28307.757
MinimumVisualStudioVersion = 10.0.40219.1
Project("{8BC9CEB8-8B4A-11D0-8D11-00A0C91BC942}") = "BlurBmpImage6", "BlurBmpImage6\BlurBmpImage6.vcxproj", "{EAAE2B97-B082-4B94-8CA4-2E45909D2195}"
EndProject
Global
	GlobalSection(SolutionConfigurationPlatforms) = preSolution
		Debug|x64 = Debug|x64
		Debug|x86 = Debug|x86
		Release|x64 = Release|x64
		Release|x86 = Release|x86
	EndGlobalSection
	GlobalSection(ProjectConfigurationPlatforms) = postSolution
		{EAAE2B97-B082-4B94-8CA4-2E45909D2195}.Debug|x64.ActiveCfg = Debug|x64
		{EAAE2B97-B082-4B94-8CA4-2E45909D2195}.Debug|x64.Build.0 = Debug|x64
		{EAAE2B97-B082-4B94-8CA4-2E45909D2195}.Debug|x86.ActiveCfg = Debug|Win32
		{EAAE2B97-B082-4B94-8CA4-2E45909D2195}.Debug|x86.Build.0 = Debug|Win32
		{EAAE2B97-B082-4B94-8CA4-2E45909D2195}.Release|x64.ActiveCfg = Release|x64
		{EAAE2B97-B082-4B94-8CA4-2E45909D2195}.Release|x64.Build.0 = Release|x64
		{EAAE2B97-B082-4B94-8CA4-2E45909D2195}.Release|x86.ActiveCfg = Release|Win32
		{EAAE2B97-B082-4B94-8CA4-2E45909D2195}.Release|x86.Build.0 = Release|Win32
	EndGlobalSection
	GlobalSection(SolutionProperties) = preSolution
		HideSolutionNode = FALSE
	EndGlobalSection
	GlobalSection(ExtensibilityGlobals) = postSolution
		SolutionGuid = {89326871-BF61-4E9E-AB88-4C5F9EC3DDB6}
	EndGlobalSection
EndGlobal
